github.com/BurntSushi/toml v0.3.1/go.mod h1:xHWCNGjB5oqiDr8zfno3MHue2Ht5sIBksp03qcyfWMU=
github.com/BurntSushi/toml v1.1.0 h1:ksErzDEI1khOiGPgpwuI7x2ebx/uXQNw7xJpn9Eq1+I=
github.com/BurntSushi/toml v1.1.0/go.mod h1:CxXYINrC8qIiEnFrOxCa7Jy5BFHlXnUU2pbicEuybxQ=
github.com/Shopify/sarama v1.32.0 h1:P+RUjEaRU0GMMbYexGMDyrMkLhbbBVUVISDywi+IlFU=
github.com/Shopify/sarama v1.32.0/go.mod h1:+EmJJKZWVT/faR9RcOxJerP+LId4iWdQPBGLy1Y1Njs=
github.com/Shopify/toxiproxy/v2 v2.3.0 h1:62YkpiP4bzdhKMH+6uC5E95y608k3zDwdzuBMsnn3uQ=
github.com/Shopify/toxiproxy/v2 v2.3.0/go.mod h1:KvQTtB6RjCJY4zqNJn7C7JDFgsG5uoHYDirfUfpIm0c=
github.com/cactus/gostrftime v1.0.2 h1:viSnB9JUQm3OQmIgv7xZkHeUIv4g/1jIToLW3XD0LBk=
github.com/cactus/gostrftime v1.0.2/go.mod h1:9wzeHNKyEIiAC5xn9JsAlQ3Uf2ilv0Da1QfMnp/owi4=
github.com/cpuguy83/go-md2man/v2 v2.0.0-20190314233015-f79a8a8ca69d/go.mod h1:maD7wRr/U5Z6m/iR4s+kqSMx2CaBsrgA7czyZG/E6dU=
github.com/crankycoder/xmlpath v0.0.0-20130917154930-670b185b686f h1:SeMlk6s1pzBe2Ju7F8Edv0nEegM0ImHLzy5AaDcYOvE=
github.com/crankycoder/xmlpath v0.0.0-20130917154930-670b185b686f/go.mod h1:9f43THvkcJQjaWAgpu6WziPkMmLe9zM66Fi7jJOmygA=
github.com/creack/pty v1.1.9/go.mod h1:oKZEueFk5CKHvIhNR5MUki03XCEU+Q6VDXinZuGJ33E=
github.com/davecgh/go-spew v1.1.0/go.mod h1:J7Y8YcW2NihsgmVo/mv3lAwl/skON4iLHjSsI+c5H38=
github.com/davecgh/go-spew v1.1.1 h1:vj9j/u1bqnvCEfJOwUhtlOARqs3+rkHYY13jYWTU97c=
github.com/davecgh/go-spew v1.1.1/go.mod h1:J7Y8YcW2NihsgmVo/mv3lAwl/skON4iLHjSsI+c5H38=
github.com/eapache/go-resiliency v1.2.0 h1:v7g92e/KSN71Rq7vSThKaWIq68fL4YHvWyiUKorFR1Q=
github.com/eapache/go-resiliency v1.2.0/go.mod h1:kFI+JgMyC7bLPUVY133qvEBtVayf5mFgVsvEsIPBvNs=
github.com/eapache/go-xerial-snappy v0.0.0-20180814174437-776d5712da21 h1:YEetp8/yCZMuEPMUDHG0CW/brkkEp8mzqk2+ODEitlw=
github.com/eapache/go-xerial-snappy v0.0.0-20180814174437-776d5712da21/go.mod h1:+020luEh2TKB4/GOp8oxxtq0Daoen/Cii55CzbTV6DU=
github.com/eapache/queue v1.1.0 h1:YOEu7KNc61ntiQlcEeUIoDTJ2o8mQznoNvUhiigpIqc=
github.com/eapache/queue v1.1.0/go.mod h1:6eCeP0CKFpHLu8blIFXhExK/dRa7WDZfr6jVFPTqq+I=
github.com/fortytw2/leaktest v1.3.0 h1:u8491cBMTQ8ft8aeV+adlcytMZylmA5nnwwkRZjI8vw=
github.com/fortytw2/leaktest v1.3.0/go.mod h1:jDsjWgpAGjm2CA7WthBh/CdZYEPF31XHquHwclZch5g=
github.com/frankban/quicktest v1.14.2 h1:SPb1KFFmM+ybpEjPUhCCkZOM5xlovT5UbrMvWnXyBns=
github.com/frankban/quicktest v1.14.2/go.mod h1:mgiwOwqx65TmIk1wJ6Q7wvnVMocbUorkibMOrVTHZps=
github.com/gogo/protobuf v1.3.2 h1:Ov1cvc58UF3b5XjBnZv7+opcTcQFZebYjWzi34vdm4Q=
github.com/gogo/protobuf v1.3.2/go.mod h1:P1XiOD3dCwIKUDQYPy72D8LYyHL2YPYrpS2s69NZV8Q=
github.com/golang/snappy v0.0.4 h1:yAGX7huGHXlcLOEtBnF4w7FQwA26wojNCwOYAEhLjQM=
github.com/golang/snappy v0.0.4/go.mod h1:/XxbfmMg8lxefKM7IXC3fBNl/7bRcc72aCRzEWrmP2Q=
github.com/golangci/go-misc v0.0.0-20220329215616-d24fe342adfe h1:6RGUuS7EGotKx6J5HIP8ZtyMdiDscjMLfRBSPuzVVeo=
github.com/golangci/go-misc v0.0.0-20220329215616-d24fe342adfe/go.mod h1:gjqyPShc/m8pEMpk0a3SeagVb0kaqvhscv+i9jI5ZhQ=
github.com/google/go-cmp v0.4.0/go.mod h1:v8dTdLbMG2kIc/vJvl+f65V22dbkXbowE6jgT/gNBxE=
github.com/google/go-cmp v0.5.7 h1:81/ik6ipDQS2aGcBfIN5dHDB36BwrStyeAQquSYCV4o=
github.com/google/go-cmp v0.5.7/go.mod h1:n+brtR0CgQNWTVd5ZUFpTBC8YFBDLK/h/bpaJ8/DtOE=
github.com/google/uuid v1.0.0 h1:b4Gk+7WdP/d3HZH8EJsZpvV7EtDOgaZLtnaNGIu1adA=
github.com/google/uuid v1.0.0/go.mod h1:TIyPZe4MgqvfeYDBFedMoGGpEw/LqOeaOT+nhxU+yHo=
github.com/gorilla/mux v1.8.0/go.mod h1:DVbg23sWSpFRCP0SfiEN6jmj59UnW/n46BH5rLB71So=
github.com/gorilla/securecookie v1.1.1/go.mod h1:ra0sb63/xPlUeL+yeDciTfxMRAA+MP+HVt/4epWDjd4=
github.com/gorilla/sessions v1.2.1/go.mod h1:dk2InVEVJ0sfLlnXv9EAgkf6ecYs/i80K/zI+bUmuGM=
github.com/hashicorp/go-uuid v1.0.2 h1:cfejS+Tpcp13yd5nYHWDI6qVCny6wyX2Mt5SGur2IGE=
github.com/hashicorp/go-uuid v1.0.2/go.mod h1:6SBZvOh/SIDV7/2o3Jml5SYk/TvGqwFJ/bN7x4byOro=
github.com/jcmturner/aescts/v2 v2.0.0 h1:9YKLH6ey7H4eDBXW8khjYslgyqG2xZikXP0EQFKrle8=
github.com/jcmturner/aescts/v2 v2.0.0/go.mod h1:AiaICIRyfYg35RUkr8yESTqvSy7csK90qZ5xfvvsoNs=
github.com/jcmturner/dnsutils/v2 v2.0.0 h1:lltnkeZGL0wILNvrNiVCR6Ro5PGU/SeBvVO/8c/iPbo=
github.com/jcmturner/dnsutils/v2 v2.0.0/go.mod h1:b0TnjGOvI/n42bZa+hmXL+kFJZsFT7G4t3HTlQ184QM=
github.com/jcmturner/gofork v1.0.0 h1:J7uCkflzTEhUZ64xqKnkDxq3kzc96ajM1Gli5ktUem8=
github.com/jcmturner/gofork v1.0.0/go.mod h1:MK8+TM0La+2rjBD4jE12Kj1pCCxK7d2LK/UM3ncEo0o=
github.com/jcmturner/goidentity/v6 v6.0.1 h1:VKnZd2oEIMorCTsFBnJWbExfNN7yZr3EhJAxwOkZg6o=
github.com/jcmturner/goidentity/v6 v6.0.1/go.mod h1:X1YW3bgtvwAXju7V3LCIMpY0Gbxyjn/mY9zx4tFonSg=
github.com/jcmturner/gokrb5/v8 v8.4.2 h1:6ZIM6b/JJN0X8UM43ZOM6Z4SJzla+a/u7scXFJzodkA=
github.com/jcmturner/gokrb5/v8 v8.4.2/go.mod h1:sb+Xq/fTY5yktf/VxLsE3wlfPqQjp0aWNYyvBVK62bc=
github.com/jcmturner/rpc/v2 v2.0.3 h1:7FXXj8Ti1IaVFpSAziCZWNzbNuZmnvw/i6CqLNdWfZY=
github.com/jcmturner/rpc/v2 v2.0.3/go.mod h1:VUJYCIDm3PVOEHw8sgt091/20OJjskO/YJki3ELg/Hc=
github.com/kisielk/errcheck v1.5.0/go.mod h1:pFxgyoBC7bSaBwPgfKdkLd5X25qrDl4LWUI2bnpBCr8=
github.com/kisielk/gotool v1.0.0/go.mod h1:XhKaO+MFFWcvkIS/tQcRk01m1F5IRFswLeQ+oQHNcck=
github.com/klauspost/compress v1.14.4 h1:eijASRJcobkVtSt81Olfh7JX43osYLwy5krOJo6YEu4=
github.com/klauspost/compress v1.14.4/go.mod h1:/3/Vjq9QcHkK5uEr5lBEmyoZ1iFhe47etQ6QUkpK6sk=
github.com/kr/pretty v0.1.0/go.mod h1:dAy3ld7l9f0ibDNOQOHHMYYIIbhfbHSm3C4ZsoJORNo=
github.com/kr/pretty v0.2.1/go.mod h1:ipq/a2n7PKx3OHsz4KJII5eveXtPO4qwEXGdVfWzfnI=
github.com/kr/pretty v0.3.0 h1:WgNl7dwNpEZ6jJ9k1snq4pZsg7DOEN8hP9Xw0Tsjwk0=
github.com/kr/pretty v0.3.0/go.mod h1:640gp4NfQd8pI5XOwp5fnNeVWj67G7CFk/SaSQn7NBk=
github.com/kr/pty v1.1.1/go.mod h1:pFQYn66WHrOpPYNljwOMqo10TkYh1fy3cYio2l3bCsQ=
github.com/kr/text v0.1.0/go.mod h1:4Jbv+DJW3UT/LiOwJeYQe1efqtUx/iVham/4vfdArNI=
github.com/kr/text v0.2.0 h1:5Nx0Ya0ZqY2ygV366QzturHI13Jq95ApcVaJBhpS+AY=
github.com/kr/text v0.2.0/go.mod h1:eLer722TekiGuMkidMxC/pM04lWEeraHUUmBw8l2grE=
github.com/pborman/uuid v1.2.1 h1:+ZZIw58t/ozdjRaXh/3awHfmWRbzYxJoAdNJxe/3pvw=
github.com/pborman/uuid v1.2.1/go.mod h1:X/NO0urCmaxf9VXbdlT7C2Yzkj2IKimNn4k+gtPdI/k=
github.com/pierrec/lz4 v2.6.1+incompatible h1:9UY3+iC23yxF0UfGaYrGplQ+79Rg+h/q9FV9ix19jjM=
github.com/pierrec/lz4 v2.6.1+incompatible/go.mod h1:pdkljMzZIN41W+lC3N2tnIh5sFi+IEE17M5jbnwPHcY=
github.com/pkg/errors v0.8.1 h1:iURUrRGxPUNPdy5/HRSm+Yj6okJ6UtLINN0Q9M4+h3I=
github.com/pkg/errors v0.8.1/go.mod h1:bwawxfHBFNV+L2hUp1rHADufV3IMtnDRdf1r5NINEl0=
github.com/pmezard/go-difflib v1.0.0 h1:4DBwDE0NGyQoBHbLQYPwSUPoCMWR5BEzIk/f1lZbAQM=
github.com/pmezard/go-difflib v1.0.0/go.mod h1:iKH77koFhYxTK1pcRnkKkqfTogsbg7gZNVY4sRDYZ/4=
github.com/rafrombrc/go-notify v0.0.0-20130215201805-e3ddb616eea9 h1:yY4WlKKv4FdowjO+vzcHmPrqQXbJLmpYfLsBLoHmJxo=
github.com/rafrombrc/go-notify v0.0.0-20130215201805-e3ddb616eea9/go.mod h1:8jv5M4qd+kQEda5ivH5nbBr5w9+anTzxCYr03oInCl4=
github.com/rafrombrc/gomock v0.0.0-20150113192118-bcaa96eba53b h1:CFndkvLtFcyzPGEaQe7Kzv0t0A6bComzjxPMJPYM0N4=
github.com/rafrombrc/gomock v0.0.0-20150113192118-bcaa96eba53b/go.mod h1:md6KG58OrW50u5txwSbr886E8e9unLLzUlTwwq6YzcU=
github.com/rafrombrc/gospec v0.0.0-20121213232506-2e46585948f4 h1:qiLQC0iWJeDTGyquNnRrVyfSwUG2jyxI5CV/cU+F1UE=
github.com/rafrombrc/whisper-go v0.0.0-20130813185214-89e9ba3b5c6a h1:T8oHuHRyx95E/OBKt9TgI2bmkp2aw2xOQy2hmTJlsO0=
github.com/rafrombrc/whisper-go v0.0.0-20130813185214-89e9ba3b5c6a/go.mod h1:o2K3JWAnD1XpnvbSBgH2X4qIBFbjlxBnf50WFR8MExQ=
github.com/rcrowley/go-metrics v0.0.0-20201227073835-cf1acfcdf475 h1:N/ElC8H3+5XpJzTSTfLsJV/mx9Q9g7kxmchpfZyxgzM=
github.com/rcrowley/go-metrics v0.0.0-20201227073835-cf1acfcdf475/go.mod h1:bCqnVzQkZxMG4s8nGwiZ5l3QUCyqpo9Y+/ZMZ9VjZe4=
github.com/rogpeppe/go-internal v1.6.1 h1:/FiVV8dS/e+YqF2JvO3yXRFbBLTIuSDkuC7aBOAvL+k=
github.com/rogpeppe/go-internal v1.6.1/go.mod h1:xXDCJY+GAPziupqXw64V24skbSoqbTEfhy4qGm1nDQc=
github.com/russross/blackfriday/v2 v2.0.1/go.mod h1:+Rmxgy9KzJVeS9/2gXHxylqXiyQDYRxCVz55jmeOWTM=
github.com/shurcooL/sanitized_anchor_name v1.0.0/go.mod h1:1NzhyTcUVG4SuEtjjoZeVRXNmyL/1OwPU0+IJeTBvfc=
github.com/sirupsen/logrus v1.8.1/go.mod h1:yWOB1SBYBC5VeMP7gHvWumXLIWorT60ONWic61uBYv0=
github.com/spf13/pflag v1.0.3/go.mod h1:DYY7MBk1bdzusC3SYhjObp+wFpr4gzcvqqNjLnInEg4=
github.com/streadway/amqp v1.0.0 h1:kuuDrUJFZL1QYL9hUNuCxNObNzB0bV/ZG5jV3RWAQgo=
github.com/streadway/amqp v1.0.0/go.mod h1:AZpEONHx3DKn8O/DFsRAY58/XVQiIPMTMB1SddzLXVw=
github.com/stretchr/objx v0.1.0/go.mod h1:HFkY916IF+rwdDfMAkV7OtwuqBVzrE8GR6GFx+wExME=
github.com/stretchr/testify v1.2.2/go.mod h1:a8OnRcib4nhh0OaRAV+Yts87kKdq0PP7pXfy6kDkUVs=
github.com/stretchr/testify v1.4.0/go.mod h1:j7eGeouHqKxXV5pUuKE4zz7dFj8WfuZ+81PSLYec5m4=
github.com/stretchr/testify v1.6.1/go.mod h1:6Fq8oRcR53rry900zMqJjRRixrwX3KX962/h/Wwjteg=
github.com/stretchr/testify v1.7.0 h1:nwc3DEeHmmLAfoZucVR881uASk0Mfjw8xYJ99tb5CcY=
github.com/stretchr/testify v1.7.0/go.mod h1:6Fq8oRcR53rry900zMqJjRRixrwX3KX962/h/Wwjteg=
github.com/thoj/go-ircevent v0.0.0-20210723090443-73e444401d64 h1:l/T7dYuJEQZOwVOpjIXr1180aM9PZL/d1MnMVIxefX4=
github.com/thoj/go-ircevent v0.0.0-20210723090443-73e444401d64/go.mod h1:Q1NAJOuRdQCqN/VIWdnaaEhV8LpeO2rtlBP7/iDJNII=
github.com/urfave/cli/v2 v2.3.0/go.mod h1:LJmUH05zAU44vOAcrfzZQKsZbVcdbOG8rtL3/XcUArI=
github.com/wulog/client v0.0.0-20220419135046-2b12f43d891b h1:g+gxWa2PK+dQ79xoTyWc3Tt5NIcNxeJywy07xZniqGU=
github.com/wulog/client v0.0.0-20220419135046-2b12f43d891b/go.mod h1:ylBGKNj7DAOU5vBF6yl1j0Uyy1fT1lyku7PP7pjyrzU=
github.com/wulog/engine v0.0.0-20220419135054-01a4fedd11bc h1:fQHdbhIKD+OymgjdNSSoBLx9nl4nuvB9F+wbuhTJd6Y=
github.com/wulog/engine v0.0.0-20220419135054-01a4fedd11bc/go.mod h1:mQcZnxTBeq45DQKKHbiFvu/akGrk4gNmtT7HQJhAWOE=
github.com/wulog/plugin-amqp v0.0.0-20220419134139-099d8aadd478 h1:BJ08tCtXdNkFN2+isgs1lsvkZP0XcZLTnC5IYjAh5oI=
github.com/wulog/plugin-amqp v0.0.0-20220419134139-099d8aadd478/go.mod h1:XYG3ibz/ErORdEsKJH/pj5ltvlTcWFDVV69Ca6zyc6Y=
github.com/wulog/plugin-dasher v0.0.0-20220419134142-bb1f884878b7 h1:7HuzD+9fgG3uPS1DFR/F8dsmjLM5wniK5UwkoBYg4NU=
github.com/wulog/plugin-dasher v0.0.0-20220419134142-bb1f884878b7/go.mod h1:DuND1VTLJI32bhbsvf3HC+5s19R+4/6ahYOubAx9U1w=
github.com/wulog/plugin-elasticsearch v0.0.0-20220419134150-ad5cfe94c08b h1:+GB5eg/ofzj65FSazBE76lmNuH3L1IWgYjvDCs/ka8Q=
github.com/wulog/plugin-elasticsearch v0.0.0-20220419134150-ad5cfe94c08b/go.mod h1:OdPTpzn6kW3RQ/V4wJ+zO32xRfq9QK3VVlj/h6Vi4cA=
github.com/wulog/plugin-file v0.0.0-20220419134154-3cccddf50ecf h1:crFzZfnu2Ojx8n0hMCPNZ1wciO/XbYbvH1aDOw8eD2Q=
github.com/wulog/plugin-file v0.0.0-20220419134154-3cccddf50ecf/go.mod h1:UTzVeRmH9YrnvStYX7+3eg4lNRq+Q3kAETBZHFk1Hb4=
github.com/wulog/plugin-graphite v0.0.0-20220419134202-6653def05b11 h1:fLouHqxXImA0nI4J5ooD3CyQugYp8uT3t5YVPRwCsFA=
github.com/wulog/plugin-graphite v0.0.0-20220419134202-6653def05b11/go.mod h1:BjOtrCfpqeSE4gbrBC3FB9S2p57EZsZ1dDubsQ37r7g=
github.com/wulog/plugin-http v0.0.0-20220419134205-88fe4e4ed2dc h1:dkQOX1D5J/WpZLEknk9o1P56DR6UMb4iYrZgOrqYRGI=
github.com/wulog/plugin-http v0.0.0-20220419134205-88fe4e4ed2dc/go.mod h1:+nspFAUmvfITIvc6Q4aqk9iuUC5dsLhl1w7Sypy/Hmo=
github.com/wulog/plugin-irc v0.0.0-20220419134209-6695e2575160 h1:OmSQCFKOdu1zjvsU+lbg2YTHV1qrO8pHuXaIj62ARnA=
github.com/wulog/plugin-irc v0.0.0-20220419134209-6695e2575160/go.mod h1:pUAijf4T5ZJj5wU48ZRUStBtFusWQbG/kEXuJCY5ALI=
github.com/wulog/plugin-kafka v0.0.0-20220419134213-6acd6032bd79 h1:Iulzj55au9ovM+eMildlAVfs8l7Lzp6S76yJbs5jVrA=
github.com/wulog/plugin-kafka v0.0.0-20220419134213-6acd6032bd79/go.mod h1:TEziT8avmFZ16KWcyAzCGPhhjXn9eE4mLINw3foliV8=
github.com/wulog/plugin-logoutput v0.0.0-20220419134216-b7f1f0365680 h1:DT/aZUA7uHA/zTaFV9jrP16njHwNWn475OB/U8KE5Yw=
github.com/wulog/plugin-logoutput v0.0.0-20220419134216-b7f1f0365680/go.mod h1:scX3ksqA44SjmXOsbz7XFhuXkkG2+16zcFqC5fiNPTM=
github.com/wulog/plugin-logstreamer v0.0.0-20220419134220-fc23ee1970b6 h1:Nqoi6dhDyUAt4Lu0TCRIK/IYwK1EvPLHiEmbK93KiK0=
github.com/wulog/plugin-logstreamer v0.0.0-20220419134220-fc23ee1970b6/go.mod h1:ucr/iQUi3RyQ11BDDsqJXOi3SZBJwXQ9EAOKuoEEFY0=
github.com/wulog/plugin-nagios v0.0.0-20220419134224-8b9db7b0964f h1:75YckcHl+5t+smF9rsSK0pOdr+GHtNO+yaAWieecsd4=
github.com/wulog/plugin-nagios v0.0.0-20220419134224-8b9db7b0964f/go.mod h1:tTHmrpQwS9x2ie8KoJ9WefmfhEM2O0uYqzaEUHsTEpA=
github.com/wulog/plugin-payload v0.0.0-20220419134228-12b41add5e1a h1:3CBRaWofPDLIw4vm6jVZfLcAPsJlT0S84fy1Uo35qVU=
github.com/wulog/plugin-payload v0.0.0-20220419134228-12b41add5e1a/go.mod h1:2K6smg4UwuEuG81+YWb1frA/wX4onK83AWoq2dJHLw0=
github.com/wulog/plugin-payload_encoder v0.0.0-20220419134232-b419d508de3c h1:LM3AzokTTXfXg0qMsYi81DbWMf7cbpINZL3V19tPRdw=
github.com/wulog/plugin-payload_encoder v0.0.0-20220419134232-b419d508de3c/go.mod h1:CK0xtV2qPd0MnbMY+C0xZ3EGKkLzO0xpPyhii1H5ws4=
github.com/wulog/plugin-process v0.0.0-20220419134236-dee9c76d698d h1:qojLgyMCBOMfuSOXxxWEdizg7Rj+0GB1f1Ozc7J3gxo=
github.com/wulog/plugin-process v0.0.0-20220419134236-dee9c76d698d/go.mod h1:BpU1sA/kjMKJN+W7RX6PAhgUL/Allp7kmRNRqdTn8jE=
github.com/wulog/plugin-rst_encoder v0.0.0-20220419134239-80fe822fca8c h1:1tw+GHk9XoSqjF7FAWSEWVpWQWWwXZfWNGwYZRdc+SQ=
github.com/wulog/plugin-rst_encoder v0.0.0-20220419134239-80fe822fca8c/go.mod h1:ebjq68qFTZXGA2BWoiXASEyyi8DTEgRbIB3YvLiikDM=
github.com/wulog/plugin-scribble_decoder v0.0.0-20220419134243-a121c04e702f h1:YKzt5cvKMfb8puNaE1i1tuIsJr14S9loZXeO2VfSjjU=
github.com/wulog/plugin-scribble_decoder v0.0.0-20220419134243-a121c04e702f/go.mod h1:kJXSnGYaLc5rjw2RD0ZT/xVP4a8Dc5l4FxozRgTqHh4=
github.com/wulog/plugin-smtp v0.0.0-20220419134247-9592de19b715 h1:T4SnjmJ8JM4QkcANSJ+/YhrwdQXPHRqdb0lEWkgXoFU=
github.com/wulog/plugin-smtp v0.0.0-20220419134247-9592de19b715/go.mod h1:Jo2tn9uRwuJgimU1/Z/RLXJ/ph2nZ0EMKM7y8CsrfEA=
github.com/wulog/plugin-statsd v0.0.0-20220419134250-60c8fd3b4b3a h1:HgvQqfPaYkrOweZB9AZOYTsUpOMr//sf6QRzRqE03f8=
github.com/wulog/plugin-statsd v0.0.0-20220419134250-60c8fd3b4b3a/go.mod h1:Hmf4gPoxR+wDZ+8jqWAIxrxygZYgpMEf+0P9zEL42Tk=
github.com/wulog/plugin-tcp v0.0.0-20220419134254-6e62df4ac525 h1:TstAW5Vk/3zKLxtA1ractr0rkT3RQdQOCoB9B1PDFug=
github.com/wulog/plugin-tcp v0.0.0-20220419134254-6e62df4ac525/go.mod h1:H/zQGVaX7vFHoqVyRI5fJg5LvgQQxTQJDc6T8HccEeQ=
github.com/wulog/plugin-testsupport v0.0.0-20220419134302-7f48742053d2 h1:HfogJZXw/PiInRSYUhc5KH8prEBO0T2oABEMkMhJYb4=
github.com/wulog/plugin-testsupport v0.0.0-20220419134302-7f48742053d2/go.mod h1:66vvu38fxr6795W41at9WaCIN+pkEtzvUfg0uLuSERA=
github.com/wulog/plugin-udp v0.0.0-20220419134306-4c7ec39b020f h1:u4DT9Y5JWSKsCNtfQTRXxXCnv4j3uzU6khWvdxIdyT8=
github.com/wulog/plugin-udp v0.0.0-20220419134306-4c7ec39b020f/go.mod h1:lXURMahu46Im9vXEpHi9dULjYz5vFnQGyqg4jjykB1o=
github.com/xdg-go/pbkdf2 v1.0.0/go.mod h1:jrpuAogTd400dnrH08LKmI/xc1MbPOebTwRqcT5RDeI=
github.com/xdg-go/scram v1.1.0/go.mod h1:1WAq6h33pAW+iRreB34OORO2Nf7qel3VV3fjBj+hCSs=
github.com/xdg-go/stringprep v1.0.2/go.mod h1:8F9zXuvzgwmyT5DUm4GUfZGDdT3W+LCvS6+da4O5kxM=
github.com/yuin/goldmark v1.1.27/go.mod h1:3hX8gzYuyVAZsxl0MRgGTJEmQBFcNTphYh9decYSb74=
github.com/yuin/goldmark v1.2.1/go.mod h1:3hX8gzYuyVAZsxl0MRgGTJEmQBFcNTphYh9decYSb74=
golang.org/x/crypto v0.0.0-20190308221718-c2843e01d9a2/go.mod h1:djNgcEr1/C05ACkg1iLfiJU5Ep61QUkGW8qpdssI0+w=
golang.org/x/crypto v0.0.0-20191011191535-87dc89f01550/go.mod h1:yigFU9vqHzYiE8UmvKecakEJjdnWj3jj499lnFckfCI=
golang.org/x/crypto v0.0.0-20200622213623-75b288015ac9/go.mod h1:LzIPMQfyMNhhGPhUkYOs5KpL4U8rLKemX1yGLhDgUto=
golang.org/x/crypto v0.0.0-20201112155050-0c6587e931a9/go.mod h1:LzIPMQfyMNhhGPhUkYOs5KpL4U8rLKemX1yGLhDgUto=
golang.org/x/crypto v0.0.0-20220214200702-86341886e292 h1:f+lwQ+GtmgoY+A2YaQxlSOnDjXcQ7ZRLWOHbC6HtRqE=
golang.org/x/crypto v0.0.0-20220214200702-86341886e292/go.mod h1:IxCIyHEi3zRg3s0A5j5BB6A9Jmi73HwBIUl50j+osU4=
golang.org/x/mod v0.2.0/go.mod h1:s0Qsj1ACt9ePp/hMypM3fl4fZqREWJwdYDEqhRiZZUA=
golang.org/x/mod v0.3.0/go.mod h1:s0Qsj1ACt9ePp/hMypM3fl4fZqREWJwdYDEqhRiZZUA=
golang.org/x/net v0.0.0-20190311183353-d8887717615a/go.mod h1:t9HGtf8HONx5eT2rtn7q6eTqICYqUVnKs3thJo3Qplg=
golang.org/x/net v0.0.0-20190404232315-eb5bcb51f2a3/go.mod h1:t9HGtf8HONx5eT2rtn7q6eTqICYqUVnKs3thJo3Qplg=
golang.org/x/net v0.0.0-20190620200207-3b0461eec859/go.mod h1:z5CRVTTTmAJ677TzLLGU+0bjPO0LkuOLi4/5GtJWs/s=
golang.org/x/net v0.0.0-20200114155413-6afb5195e5aa/go.mod h1:z5CRVTTTmAJ677TzLLGU+0bjPO0LkuOLi4/5GtJWs/s=
golang.org/x/net v0.0.0-20200226121028-0de0cce0169b/go.mod h1:z5CRVTTTmAJ677TzLLGU+0bjPO0LkuOLi4/5GtJWs/s=
golang.org/x/net v0.0.0-20201021035429-f5854403a974/go.mod h1:sp8m0HH+o8qH0wwXwYZr8TS3Oi6o0r6Gce1SSxlDquU=
golang.org/x/net v0.0.0-20210614182718-04defd469f4e/go.mod h1:9nx3DQGgdP8bBQD5qxJ1jj9UTztislL4KSBs9R2vV5Y=
golang.org/x/net v0.0.0-20211112202133-69e39bad7dc2/go.mod h1:9nx3DQGgdP8bBQD5qxJ1jj9UTztislL4KSBs9R2vV5Y=
golang.org/x/net v0.0.0-20220127200216-cd36cc0744dd/go.mod h1:CfG3xpIq0wQ8r1q4Su4UZFWDARRcnwPjda9FqA0JpMk=
golang.org/x/net v0.0.0-20220325170049-de3da57026de h1:pZB1TWnKi+o4bENlbzAgLrEbY4RMYmUIRobMcSmfeYc=
golang.org/x/net v0.0.0-20220325170049-de3da57026de/go.mod h1:CfG3xpIq0wQ8r1q4Su4UZFWDARRcnwPjda9FqA0JpMk=
golang.org/x/sync v0.0.0-20190423024810-112230192c58/go.mod h1:RxMgew5VJxzue5/jJTE5uejpjVlOe/izrB70Jof72aM=
golang.org/x/sync v0.0.0-20190911185100-cd5d95a43a6e/go.mod h1:RxMgew5VJxzue5/jJTE5uejpjVlOe/izrB70Jof72aM=
golang.org/x/sync v0.0.0-20201020160332-67f06af15bc9/go.mod h1:RxMgew5VJxzue5/jJTE5uejpjVlOe/izrB70Jof72aM=
golang.org/x/sys v0.0.0-20190215142949-d0b11bdaac8a/go.mod h1:STP8DvDyc/dI5b8T5hshtkjS+E42TnysNCUPdjciGhY=
golang.org/x/sys v0.0.0-20190412213103-97732733099d/go.mod h1:h1NjWce9XRLGQEsW7wpKNCjG9DtNlClVuFLEZdDNbEs=
golang.org/x/sys v0.0.0-20191026070338-33540a1f6037/go.mod h1:h1NjWce9XRLGQEsW7wpKNCjG9DtNlClVuFLEZdDNbEs=
golang.org/x/sys v0.0.0-20200930185726-fdedc70b468f/go.mod h1:h1NjWce9XRLGQEsW7wpKNCjG9DtNlClVuFLEZdDNbEs=
golang.org/x/sys v0.0.0-20201119102817-f84b799fce68/go.mod h1:h1NjWce9XRLGQEsW7wpKNCjG9DtNlClVuFLEZdDNbEs=
golang.org/x/sys v0.0.0-20210423082822-04245dca01da/go.mod h1:h1NjWce9XRLGQEsW7wpKNCjG9DtNlClVuFLEZdDNbEs=
golang.org/x/sys v0.0.0-20210615035016-665e8c7367d1/go.mod h1:oPkhp1MJrh7nUepCBck5+mAzfO9JrbApNNgaTdGDITg=
golang.org/x/sys v0.0.0-20211216021012-1d35b9e2eb4e/go.mod h1:oPkhp1MJrh7nUepCBck5+mAzfO9JrbApNNgaTdGDITg=
golang.org/x/term v0.0.0-20201126162022-7de9c90e9dd1/go.mod h1:bj7SfCRtBDWHUb9snDiAeCFNEtKQo2Wmx5Cou7ajbmo=
golang.org/x/term v0.0.0-20210927222741-03fcf44c2211/go.mod h1:jbD1KX2456YbFQfuXm/mYQcufACuNUgVhRMnK/tPxf8=
golang.org/x/text v0.3.0/go.mod h1:NqM8EUOU14njkJ3fqMW+pc6Ldnwhi/IjpwHt7yyuwOQ=
golang.org/x/text v0.3.3/go.mod h1:5Zoc/QRtKVWzQhOtBMvqHzDpF6irO9z98xDceosuGiQ=
golang.org/x/text v0.3.5/go.mod h1:5Zoc/QRtKVWzQhOtBMvqHzDpF6irO9z98xDceosuGiQ=
golang.org/x/text v0.3.6/go.mod h1:5Zoc/QRtKVWzQhOtBMvqHzDpF6irO9z98xDceosuGiQ=
golang.org/x/text v0.3.7 h1:olpwvP2KacW1ZWvsR7uQhoyTYvKAupfQrRGBFM352Gk=
golang.org/x/text v0.3.7/go.mod h1:u+2+/6zg+i71rQMx5EYifcz6MCKuco9NR6JIITiCfzQ=
golang.org/x/tools v0.0.0-20180917221912-90fa682c2a6e/go.mod h1:n7NCudcB/nEzxVGmLbDWY5pfWTLqBcC2KZ6jyYvM4mQ=
golang.org/x/tools v0.0.0-20190624222133-a101b041ded4/go.mod h1:/rFqwRUd4F7ZHNgwSSTFct+R/Kf4OFW1sUzUTQQTgfc=
golang.org/x/tools v0.0.0-20191119224855-298f0cb1881e/go.mod h1:b+2E5dAYhXwXZwtnZ6UAqBI28+e2cm9otk0dWdXHAEo=
golang.org/x/tools v0.0.0-20200619180055-7c47624df98f/go.mod h1:EkVYQZoAsY45+roYkvgYkIh4xh/qjgUK9TdY2XT94GE=
golang.org/x/tools v0.0.0-20210106214847-113979e3529a/go.mod h1:emZCQorbCU4vsT4fOWvOPXz4eW1wZW4PmDk9uLelYpA=
golang.org/x/xerrors v0.0.0-20190717185122-a985d3407aa7/go.mod h1:I/5z698sn9Ka8TeJc9MKroUUfqBBauWjQqLJ2OPfmY0=
golang.org/x/xerrors v0.0.0-20191011141410-1b5146add898/go.mod h1:I/5z698sn9Ka8TeJc9MKroUUfqBBauWjQqLJ2OPfmY0=
golang.org/x/xerrors v0.0.0-20191204190536-9bdfabe68543/go.mod h1:I/5z698sn9Ka8TeJc9MKroUUfqBBauWjQqLJ2OPfmY0=
golang.org/x/xerrors v0.0.0-20200804184101-5ec99f83aff1 h1:go1bK/D/BFZV2I8cIQd1NKEZ+0owSTG1fDTci4IqFcE=
golang.org/x/xerrors v0.0.0-20200804184101-5ec99f83aff1/go.mod h1:I/5z698sn9Ka8TeJc9MKroUUfqBBauWjQqLJ2OPfmY0=
gopkg.in/check.v1 v0.0.0-20161208181325-20d25e280405/go.mod h1:Co6ibVJAznAaIkqp8huTwlJQCZ016jof/cbN4VW5Yz0=
gopkg.in/check.v1 v1.0.0-20180628173108-788fd7840127/go.mod h1:Co6ibVJAznAaIkqp8huTwlJQCZ016jof/cbN4VW5Yz0=
gopkg.in/check.v1 v1.0.0-20201130134442-10cb98267c6c/go.mod h1:JHkPIbrfpd72SG/EVd6muEfDQjcINNoR0C8j2r3qZ4Q=
gopkg.in/errgo.v2 v2.1.0/go.mod h1:hNsd1EY+bozCKY1Ytp96fpM3vjJbqLJn88ws8XvfDNI=
gopkg.in/tomb.v1 v1.0.0-20141024135613-dd632973f1e7/go.mod h1:dt/ZhP58zS4L8KSrWDmTeBkI65Dw0HsyUHuEVlX15mw=
gopkg.in/yaml.v2 v2.2.2/go.mod h1:hI93XBmqTisBFMUTm0b8Fm+jr3Dg1NNxqwp+5A1VGuI=
gopkg.in/yaml.v2 v2.2.3/go.mod h1:hI93XBmqTisBFMUTm0b8Fm+jr3Dg1NNxqwp+5A1VGuI=
gopkg.in/yaml.v3 v3.0.0-20200313102051-9f266ea9e77c/go.mod h1:K4uyk7z7BCEPqu6E+C64Yfv1cQ7kz7rIZviUmN+EgEM=
gopkg.in/yaml.v3 v3.0.0-20210107192922-496545a6307b h1:h8qDotaEPuJATrMmW04NCwg7v22aHH28wwpauUhK9Oo=
gopkg.in/yaml.v3 v3.0.0-20210107192922-496545a6307b/go.mod h1:K4uyk7z7BCEPqu6E+C64Yfv1cQ7kz7rIZviUmN+EgEM=
gotest.tools/v3 v3.0.3 h1:4AuOwCGf4lLR9u3YOe2awrHygurzhO/HeQ6laiA6Sx0=
gotest.tools/v3 v3.0.3/go.mod h1:Z7Lb0S5l+klDB31fvDQX8ss/FlKDxtlFlw3Oa8Ymbl8=
launchpad.net/gocheck v0.0.0-20140225173054-000000000087 h1:Izowp2XBH6Ya6rv+hqbceQyw/gSGoXfH/UPoTGduL54=
launchpad.net/gocheck v0.0.0-20140225173054-000000000087/go.mod h1:hj7XX3B/0A+80Vse0e+BUHsHMTEhd0O4cpUHr/e/BUM=
launchpad.net/xmlpath v0.0.0-20130614043138-000000000004 h1:B8nNZBUrx8YufDCAJjvO/lVs4GxXMQHyrjwJdJzXMFg=
launchpad.net/xmlpath v0.0.0-20130614043138-000000000004/go.mod h1:vqyExLOM3qBx7mvYRkoxjSCF945s0mbe7YynlKYXtsA=
